
Microsoft Visual Studio Solution File, Format Version 12.00
# Visual Studio 2012
Project("{FAE04EC0-301F-11D3-BF4B-00C04F79EFBC}") = "HelloWorld", "HelloWorld\HelloWorld.csproj", "{6CD2DE73-4A91-4E95-9B7F-BFD2657908FF}"
EndProject
Project("{FAE04EC0-301F-11D3-BF4B-00C04F79EFBC}") = "HelloWorld.iOS", "iOS\HelloWorld.iOS.csproj", "{5E8987F1-AD28-411E-9281-2B3FD14C7498}"
EndProject
Project("{FAE04EC0-301F-11D3-BF4B-00C04F79EFBC}") = "HelloWorld.Droid", "Droid\HelloWorld.Droid.csproj", "{D6FB8EC8-B397-4238-AF9F-F04F5A94C094}"
EndProject
Global
	GlobalSection(SolutionConfigurationPlatforms) = preSolution
		Debug|Any CPU = Debug|Any CPU
		Release|Any CPU = Release|Any CPU
		Debug|iPhoneSimulator = Debug|iPhoneSimulator
		Release|iPhone = Release|iPhone
		Release|iPhoneSimulator = Release|iPhoneSimulator
		Debug|iPhone = Debug|iPhone
	EndGlobalSection
	GlobalSection(ProjectConfigurationPlatforms) = postSolution
		{6CD2DE73-4A91-4E95-9B7F-BFD2657908FF}.Debug|Any CPU.ActiveCfg = Debug|Any CPU
		{6CD2DE73-4A91-4E95-9B7F-BFD2657908FF}.Debug|Any CPU.Build.0 = Debug|Any CPU
		{6CD2DE73-4A91-4E95-9B7F-BFD2657908FF}.Release|Any CPU.ActiveCfg = Release|Any CPU
		{6CD2DE73-4A91-4E95-9B7F-BFD2657908FF}.Release|Any CPU.Build.0 = Release|Any CPU
		{6CD2DE73-4A91-4E95-9B7F-BFD2657908FF}.Debug|iPhoneSimulator.ActiveCfg = Debug|Any CPU
		{6CD2DE73-4A91-4E95-9B7F-BFD2657908FF}.Debug|iPhoneSimulator.Build.0 = Debug|Any CPU
		{6CD2DE73-4A91-4E95-9B7F-BFD2657908FF}.Release|iPhone.ActiveCfg = Release|Any CPU
		{6CD2DE73-4A91-4E95-9B7F-BFD2657908FF}.Release|iPhone.Build.0 = Release|Any CPU
		{6CD2DE73-4A91-4E95-9B7F-BFD2657908FF}.Release|iPhoneSimulator.ActiveCfg = Release|Any CPU
		{6CD2DE73-4A91-4E95-9B7F-BFD2657908FF}.Release|iPhoneSimulator.Build.0 = Release|Any CPU
		{6CD2DE73-4A91-4E95-9B7F-BFD2657908FF}.Debug|iPhone.ActiveCfg = Debug|Any CPU
		{6CD2DE73-4A91-4E95-9B7F-BFD2657908FF}.Debug|iPhone.Build.0 = Debug|Any CPU
		{5E8987F1-AD28-411E-9281-2B3FD14C7498}.Debug|Any CPU.ActiveCfg = Debug|iPhoneSimulator
		{5E8987F1-AD28-411E-9281-2B3FD14C7498}.Debug|Any CPU.Build.0 = Debug|iPhoneSimulator
		{5E8987F1-AD28-411E-9281-2B3FD14C7498}.Release|Any CPU.ActiveCfg = Release|iPhone
		{5E8987F1-AD28-411E-9281-2B3FD14C7498}.Release|Any CPU.Build.0 = Release|iPhone
		{5E8987F1-AD28-411E-9281-2B3FD14C7498}.Debug|iPhoneSimulator.ActiveCfg = Debug|iPhoneSimulator
		{5E8987F1-AD28-411E-9281-2B3FD14C7498}.Debug|iPhoneSimulator.Build.0 = Debug|iPhoneSimulator
		{5E8987F1-AD28-411E-9281-2B3FD14C7498}.Release|iPhone.ActiveCfg = Release|iPhone
		{5E8987F1-AD28-411E-9281-2B3FD14C7498}.Release|iPhone.Build.0 = Release|iPhone
		{5E8987F1-AD28-411E-9281-2B3FD14C7498}.Release|iPhoneSimulator.ActiveCfg = Release|iPhoneSimulator
		{5E8987F1-AD28-411E-9281-2B3FD14C7498}.Release|iPhoneSimulator.Build.0 = Release|iPhoneSimulator
		{5E8987F1-AD28-411E-9281-2B3FD14C7498}.Debug|iPhone.ActiveCfg = Debug|iPhone
		{5E8987F1-AD28-411E-9281-2B3FD14C7498}.Debug|iPhone.Build.0 = Debug|iPhone
		{D6FB8EC8-B397-4238-AF9F-F04F5A94C094}.Debug|Any CPU.ActiveCfg = Debug|Any CPU
		{D6FB8EC8-B397-4238-AF9F-F04F5A94C094}.Debug|Any CPU.Build.0 = Debug|Any CPU
		{D6FB8EC8-B397-4238-AF9F-F04F5A94C094}.Release|Any CPU.ActiveCfg = Release|Any CPU
		{D6FB8EC8-B397-4238-AF9F-F04F5A94C094}.Release|Any CPU.Build.0 = Release|Any CPU
		{D6FB8EC8-B397-4238-AF9F-F04F5A94C094}.Debug|iPhoneSimulator.ActiveCfg = Debug|Any CPU
		{D6FB8EC8-B397-4238-AF9F-F04F5A94C094}.Debug|iPhoneSimulator.Build.0 = Debug|Any CPU
		{D6FB8EC8-B397-4238-AF9F-F04F5A94C094}.Release|iPhone.ActiveCfg = Release|Any CPU
		{D6FB8EC8-B397-4238-AF9F-F04F5A94C094}.Release|iPhone.Build.0 = Release|Any CPU
		{D6FB8EC8-B397-4238-AF9F-F04F5A94C094}.Release|iPhoneSimulator.ActiveCfg = Release|Any CPU
		{D6FB8EC8-B397-4238-AF9F-F04F5A94C094}.Release|iPhoneSimulator.Build.0 = Release|Any CPU
		{D6FB8EC8-B397-4238-AF9F-F04F5A94C094}.Debug|iPhone.ActiveCfg = Debug|Any CPU
		{D6FB8EC8-B397-4238-AF9F-F04F5A94C094}.Debug|iPhone.Build.0 = Debug|Any CPU
	EndGlobalSection
EndGlobal
